
Microsoft Visual Studio Solution File, Format Version 12.00
# Visual Studio 14
VisualStudioVersion = 14.0.25420.1
MinimumVisualStudioVersion = 10.0.40219.1
Project("{2150E333-8FDC-42A3-9474-1A3956D46DE8}") = "Core", "Core", "{9171BBE7-F144-48FD-BA66-20B49113A4E2}"
EndProject
Project("{FAE04EC0-301F-11D3-BF4B-00C04F79EFBC}") = "ShopDx3.DomainModels", "src\ShopDx3.DomainModels\ShopDx3.DomainModels.csproj", "{427E68C4-7B16-47E7-B99A-01E9D22D3056}"
EndProject
Project("{FAE04EC0-301F-11D3-BF4B-00C04F79EFBC}") = "ShopDx3.Interfaces", "src\ShopDx3.Interfaces\ShopDx3.Interfaces.csproj", "{8F292A80-A123-4F36-A403-1412DFFD3907}"
EndProject
Project("{2150E333-8FDC-42A3-9474-1A3956D46DE8}") = "Solution Items", "Solution Items", "{CC78AB3C-ACE8-4583-8008-D08F54F17584}"
	ProjectSection(SolutionItems) = preProject
		.gitattributes = .gitattributes
		.gitignore = .gitignore
		bower.json = bower.json
		LICENCE = LICENCE
		package.json = package.json
		README.md = README.md
	EndProjectSection
EndProject
Project("{2150E333-8FDC-42A3-9474-1A3956D46DE8}") = "Infrastructure", "Infrastructure", "{0CC4E7F6-62C4-4A6D-93FB-94F85C336995}"
EndProject
Project("{2150E333-8FDC-42A3-9474-1A3956D46DE8}") = "Application", "Application", "{715F8732-7052-46AE-BFF7-057AE94C9666}"
EndProject
Project("{2150E333-8FDC-42A3-9474-1A3956D46DE8}") = "Mocks", "Mocks", "{762F8139-661B-423A-997A-850DB07B9B63}"
EndProject
Project("{2150E333-8FDC-42A3-9474-1A3956D46DE8}") = "Tests", "Tests", "{B27A0EF1-DE62-4B15-B8FE-B78372349220}"
EndProject
Project("{2150E333-8FDC-42A3-9474-1A3956D46DE8}") = "Shared", "Shared", "{DE7DD110-18B4-4DF2-BD3D-D0F0362F71CB}"
EndProject
Project("{2150E333-8FDC-42A3-9474-1A3956D46DE8}") = "Web", "Web", "{AA8BD9F2-7986-4A8A-8AB2-55556A7509FC}"
EndProject
Project("{FAE04EC0-301F-11D3-BF4B-00C04F79EFBC}") = "ShopDx3.ApplicationServices", "src\ShopDx3.ApplicationServices\ShopDx3.ApplicationServices.csproj", "{2F74085F-C973-413B-A269-30F438CCF2E7}"
EndProject
Project("{FAE04EC0-301F-11D3-BF4B-00C04F79EFBC}") = "ShopDx3.ViewModels", "src\ShopDx3.ViewModels\ShopDx3.ViewModels.csproj", "{2F7454ED-90A9-493D-AEE3-249B23F2258D}"
EndProject
Project("{FAE04EC0-301F-11D3-BF4B-00C04F79EFBC}") = "ShopDx3.Infrastructure", "src\ShopDx3.Infrastructure\ShopDx3.Infrastructure.csproj", "{26363708-CEC5-4C98-B594-A159B35FBFA7}"
EndProject
Project("{FAE04EC0-301F-11D3-BF4B-00C04F79EFBC}") = "ShopDx3.Intrastructure.MongoDb", "src\ShopDx3.Intrastructure.MongoDb\ShopDx3.Intrastructure.MongoDb.csproj", "{CBF32311-444D-4CB6-A353-2FFBA2ABF692}"
EndProject
Project("{FAE04EC0-301F-11D3-BF4B-00C04F79EFBC}") = "ShopDx3.Mocks", "src\ShopDx3.Mocks\ShopDx3.Mocks.csproj", "{C6A4D67F-902D-40F4-AB14-1C20F04B3C9D}"
EndProject
Project("{FAE04EC0-301F-11D3-BF4B-00C04F79EFBC}") = "ShopDx3.SharedKernel", "src\ShopDx3.SharedKernel\ShopDx3.SharedKernel.csproj", "{CCA26D2F-86AF-4053-A767-082CB8D02074}"
EndProject
Project("{FAE04EC0-301F-11D3-BF4B-00C04F79EFBC}") = "ShopDx3.UnitTests", "src\ShopDx3.UnitTests\ShopDx3.UnitTests.csproj", "{EB7FB0AA-EA60-40BB-A729-D4FD53FB5FC7}"
EndProject
Project("{FAE04EC0-301F-11D3-BF4B-00C04F79EFBC}") = "ShopDx3.Api", "src\ShopDx3.Api\ShopDx3.Api.csproj", "{14B24F5E-04BC-4DA6-9924-3D971D147683}"
EndProject
Global
	GlobalSection(SolutionConfigurationPlatforms) = preSolution
		Debug|Any CPU = Debug|Any CPU
		Release|Any CPU = Release|Any CPU
	EndGlobalSection
	GlobalSection(ProjectConfigurationPlatforms) = postSolution
		{427E68C4-7B16-47E7-B99A-01E9D22D3056}.Debug|Any CPU.ActiveCfg = Debug|Any CPU
		{427E68C4-7B16-47E7-B99A-01E9D22D3056}.Debug|Any CPU.Build.0 = Debug|Any CPU
		{427E68C4-7B16-47E7-B99A-01E9D22D3056}.Release|Any CPU.ActiveCfg = Release|Any CPU
		{427E68C4-7B16-47E7-B99A-01E9D22D3056}.Release|Any CPU.Build.0 = Release|Any CPU
		{8F292A80-A123-4F36-A403-1412DFFD3907}.Debug|Any CPU.ActiveCfg = Debug|Any CPU
		{8F292A80-A123-4F36-A403-1412DFFD3907}.Debug|Any CPU.Build.0 = Debug|Any CPU
		{8F292A80-A123-4F36-A403-1412DFFD3907}.Release|Any CPU.ActiveCfg = Release|Any CPU
		{8F292A80-A123-4F36-A403-1412DFFD3907}.Release|Any CPU.Build.0 = Release|Any CPU
		{2F74085F-C973-413B-A269-30F438CCF2E7}.Debug|Any CPU.ActiveCfg = Debug|Any CPU
		{2F74085F-C973-413B-A269-30F438CCF2E7}.Debug|Any CPU.Build.0 = Debug|Any CPU
		{2F74085F-C973-413B-A269-30F438CCF2E7}.Release|Any CPU.ActiveCfg = Release|Any CPU
		{2F74085F-C973-413B-A269-30F438CCF2E7}.Release|Any CPU.Build.0 = Release|Any CPU
		{2F7454ED-90A9-493D-AEE3-249B23F2258D}.Debug|Any CPU.ActiveCfg = Debug|Any CPU
		{2F7454ED-90A9-493D-AEE3-249B23F2258D}.Debug|Any CPU.Build.0 = Debug|Any CPU
		{2F7454ED-90A9-493D-AEE3-249B23F2258D}.Release|Any CPU.ActiveCfg = Release|Any CPU
		{2F7454ED-90A9-493D-AEE3-249B23F2258D}.Release|Any CPU.Build.0 = Release|Any CPU
		{26363708-CEC5-4C98-B594-A159B35FBFA7}.Debug|Any CPU.ActiveCfg = Debug|Any CPU
		{26363708-CEC5-4C98-B594-A159B35FBFA7}.Debug|Any CPU.Build.0 = Debug|Any CPU
		{26363708-CEC5-4C98-B594-A159B35FBFA7}.Release|Any CPU.ActiveCfg = Release|Any CPU
		{26363708-CEC5-4C98-B594-A159B35FBFA7}.Release|Any CPU.Build.0 = Release|Any CPU
		{CBF32311-444D-4CB6-A353-2FFBA2ABF692}.Debug|Any CPU.ActiveCfg = Debug|Any CPU
		{CBF32311-444D-4CB6-A353-2FFBA2ABF692}.Debug|Any CPU.Build.0 = Debug|Any CPU
		{CBF32311-444D-4CB6-A353-2FFBA2ABF692}.Release|Any CPU.ActiveCfg = Release|Any CPU
		{CBF32311-444D-4CB6-A353-2FFBA2ABF692}.Release|Any CPU.Build.0 = Release|Any CPU
		{C6A4D67F-902D-40F4-AB14-1C20F04B3C9D}.Debug|Any CPU.ActiveCfg = Debug|Any CPU
		{C6A4D67F-902D-40F4-AB14-1C20F04B3C9D}.Debug|Any CPU.Build.0 = Debug|Any CPU
		{C6A4D67F-902D-40F4-AB14-1C20F04B3C9D}.Release|Any CPU.ActiveCfg = Release|Any CPU
		{C6A4D67F-902D-40F4-AB14-1C20F04B3C9D}.Release|Any CPU.Build.0 = Release|Any CPU
		{CCA26D2F-86AF-4053-A767-082CB8D02074}.Debug|Any CPU.ActiveCfg = Debug|Any CPU
		{CCA26D2F-86AF-4053-A767-082CB8D02074}.Debug|Any CPU.Build.0 = Debug|Any CPU
		{CCA26D2F-86AF-4053-A767-082CB8D02074}.Release|Any CPU.ActiveCfg = Release|Any CPU
		{CCA26D2F-86AF-4053-A767-082CB8D02074}.Release|Any CPU.Build.0 = Release|Any CPU
		{EB7FB0AA-EA60-40BB-A729-D4FD53FB5FC7}.Debug|Any CPU.ActiveCfg = Debug|Any CPU
		{EB7FB0AA-EA60-40BB-A729-D4FD53FB5FC7}.Debug|Any CPU.Build.0 = Debug|Any CPU
		{EB7FB0AA-EA60-40BB-A729-D4FD53FB5FC7}.Release|Any CPU.ActiveCfg = Release|Any CPU
		{EB7FB0AA-EA60-40BB-A729-D4FD53FB5FC7}.Release|Any CPU.Build.0 = Release|Any CPU
		{14B24F5E-04BC-4DA6-9924-3D971D147683}.Debug|Any CPU.ActiveCfg = Debug|Any CPU
		{14B24F5E-04BC-4DA6-9924-3D971D147683}.Debug|Any CPU.Build.0 = Debug|Any CPU
		{14B24F5E-04BC-4DA6-9924-3D971D147683}.Release|Any CPU.ActiveCfg = Release|Any CPU
		{14B24F5E-04BC-4DA6-9924-3D971D147683}.Release|Any CPU.Build.0 = Release|Any CPU
	EndGlobalSection
	GlobalSection(SolutionProperties) = preSolution
		HideSolutionNode = FALSE
	EndGlobalSection
	GlobalSection(NestedProjects) = preSolution
		{427E68C4-7B16-47E7-B99A-01E9D22D3056} = {9171BBE7-F144-48FD-BA66-20B49113A4E2}
		{8F292A80-A123-4F36-A403-1412DFFD3907} = {9171BBE7-F144-48FD-BA66-20B49113A4E2}
		{2F74085F-C973-413B-A269-30F438CCF2E7} = {715F8732-7052-46AE-BFF7-057AE94C9666}
		{2F7454ED-90A9-493D-AEE3-249B23F2258D} = {715F8732-7052-46AE-BFF7-057AE94C9666}
		{26363708-CEC5-4C98-B594-A159B35FBFA7} = {0CC4E7F6-62C4-4A6D-93FB-94F85C336995}
		{CBF32311-444D-4CB6-A353-2FFBA2ABF692} = {0CC4E7F6-62C4-4A6D-93FB-94F85C336995}
		{C6A4D67F-902D-40F4-AB14-1C20F04B3C9D} = {762F8139-661B-423A-997A-850DB07B9B63}
		{CCA26D2F-86AF-4053-A767-082CB8D02074} = {DE7DD110-18B4-4DF2-BD3D-D0F0362F71CB}
		{EB7FB0AA-EA60-40BB-A729-D4FD53FB5FC7} = {B27A0EF1-DE62-4B15-B8FE-B78372349220}
		{14B24F5E-04BC-4DA6-9924-3D971D147683} = {AA8BD9F2-7986-4A8A-8AB2-55556A7509FC}
	EndGlobalSection
EndGlobal
